// !$*UTF8*$!
{
	archiveVersion = 1;
	classes = {
	};
	objectVersion = 46;
	objects = {

/* Begin PBXBuildFile section */
		F948751B1D7791B800C0716B /* AppDelegate.swift in Sources */ = {isa = PBXBuildFile; fileRef = F948751A1D7791B800C0716B /* AppDelegate.swift */; };
		F948751D1D7791B800C0716B /* GameScene.swift in Sources */ = {isa = PBXBuildFile; fileRef = F948751C1D7791B800C0716B /* GameScene.swift */; };
		F948751F1D7791B800C0716B /* GameScene.sks in Resources */ = {isa = PBXBuildFile; fileRef = F948751E1D7791B800C0716B /* GameScene.sks */; };
		F94875241D7791B800C0716B /* MainMenu.xib in Resources */ = {isa = PBXBuildFile; fileRef = F94875221D7791B800C0716B /* MainMenu.xib */; };
		F95D38111DB48E4100761406 /* Assets.xcassets in Resources */ = {isa = PBXBuildFile; fileRef = F94875201D7791B800C0716B /* Assets.xcassets */; };
/* End PBXBuildFile section */

/* Begin PBXFileReference section */
		F94875171D7791B800C0716B /* screenShooter.app */ = {isa = PBXFileReference; explicitFileType = wrapper.application; includeInIndex = 0; path = screenShooter.app; sourceTree = BUILT_PRODUCTS_DIR; };
		F948751A1D7791B800C0716B /* AppDelegate.swift */ = {isa = PBXFileReference; lastKnownFileType = sourcecode.swift; path = AppDelegate.swift; sourceTree = "<group>"; };
		F948751C1D7791B800C0716B /* GameScene.swift */ = {isa = PBXFileReference; lastKnownFileType = sourcecode.swift; path = GameScene.swift; sourceTree = "<group>"; };
		F948751E1D7791B800C0716B /* GameScene.sks */ = {isa = PBXFileReference; lastKnownFileType = file.sks; path = GameScene.sks; sourceTree = "<group>"; };
		F94875201D7791B800C0716B /* Assets.xcassets */ = {isa = PBXFileReference; lastKnownFileType = folder.assetcatalog; name = Assets.xcassets; path = screenShooter/Assets.xcassets; sourceTree = SOURCE_ROOT; };
		F94875231D7791B800C0716B /* Base */ = {isa = PBXFileReference; lastKnownFileType = file.xib; name = Base; path = Base.lproj/MainMenu.xib; sourceTree = "<group>"; };
		F94875251D7791B800C0716B /* InscreenShootero.plist */ = {isa = PBXFileReference; lastKnownFileType = text.plist.xml; path = InscreenShootero.plist; sourceTree = "<group>"; };
		F965B1511DB5522F00139DC6 /* screenShooter.entitlements */ = {isa = PBXFileReference; lastKnownFileType = text.xml; path = screenShooter.entitlements; sourceTree = "<group>"; };
/* End PBXFileReference section */

/* Begin PBXFrameworksBuildPhase section */
		F94875141D7791B800C0716B /* Frameworks */ = {
			isa = PBXFrameworksBuildPhase;
			buildActionMask = 2147483647;
			files = (
			);
			runOnlyForDeploymentPostprocessing = 0;
		};
/* End PBXFrameworksBuildPhase section */

/* Begin PBXGroup section */
		F948750E1D7791B700C0716B = {
			isa = PBXGroup;
			children = (
				F94875191D7791B800C0716B /* screenShooter */,
				F94875181D7791B800C0716B /* Products */,
			);
			sourceTree = "<group>";
		};
		F94875181D7791B800C0716B /* Products */ = {
			isa = PBXGroup;
			children = (
				F94875171D7791B800C0716B /* screenShooter.app */,
			);
			name = Products;
			sourceTree = "<group>";
		};
		F94875191D7791B800C0716B /* screenShooter */ = {
			isa = PBXGroup;
			children = (
				F965B1511DB5522F00139DC6 /* screenShooter.entitlements */,
				F948751A1D7791B800C0716B /* AppDelegate.swift */,
				F948751C1D7791B800C0716B /* GameScene.swift */,
				F94875251D7791B800C0716B /* InscreenShootero.plist */,
				F94875221D7791B800C0716B /* MainMenu.xib */,
				F94875201D7791B800C0716B /* Assets.xcassets */,
				F948751E1D7791B800C0716B /* GameScene.sks */,
			);
			path = screenShooter;
			sourceTree = "<group>";
		};
/* End PBXGroup section */

/* Begin PBXNativeTarget section */
		F94875161D7791B800C0716B /* screenShooter */ = {
			isa = PBXNativeTarget;
			buildConfigurationList = F94875281D7791B800C0716B /* Build configuration list for PBXNativeTarget "screenShooter" */;
			buildPhases = (
				F94875131D7791B800C0716B /* Sources */,
				F94875141D7791B800C0716B /* Frameworks */,
				F94875151D7791B800C0716B /* Resources */,
			);
			buildRules = (
			);
			dependencies = (
			);
			name = screenShooter;
			productName = screenShooter;
			productReference = F94875171D7791B800C0716B /* screenShooter.app */;
			productType = "com.apple.product-type.application";
		};
/* End PBXNativeTarget section */

/* Begin PBXProject section */
		F948750F1D7791B700C0716B /* Project object */ = {
			isa = PBXProject;
			attributes = {
				LastSwiftUpdateCheck = 0730;
				LastUpgradeCheck = 0730;
				ORGANIZATIONNAME = Samraj;
				TargetAttributes = {
					F94875161D7791B800C0716B = {
						CreatedOnToolsVersion = 7.3.1;
						DevelopmentTeam = 3GAE53YJV7;
						SystemCapabilities = {
							com.apple.Sandbox = {
								enabled = 1;
							};
						};
					};
				};
			};
			buildConfigurationList = F94875121D7791B700C0716B /* Build configuration list for PBXProject "screenShooter" */;
			compatibilityVersion = "Xcode 3.2";
			developmentRegion = English;
			hasScannedForEncodings = 0;
			knownRegions = (
				en,
				Base,
			);
			mainGroup = F948750E1D7791B700C0716B;
			productRefGroup = F94875181D7791B800C0716B /* Products */;
			projectDirPath = "";
			projectRoot = "";
			targets = (
				F94875161D7791B800C0716B /* screenShooter */,
			);
		};
/* End PBXProject section */

/* Begin PBXResourcesBuildPhase section */
		F94875151D7791B800C0716B /* Resources */ = {
			isa = PBXResourcesBuildPhase;
			buildActionMask = 2147483647;
			files = (
				F948751F1D7791B800C0716B /* GameScene.sks in Resources */,
				F95D38111DB48E4100761406 /* Assets.xcassets in Resources */,
				F94875241D7791B800C0716B /* MainMenu.xib in Resources */,
			);
			runOnlyForDeploymentPostprocessing = 0;
		};
/* End PBXResourcesBuildPhase section */

/* Begin PBXSourcesBuildPhase section */
		F94875131D7791B800C0716B /* Sources */ = {
			isa = PBXSourcesBuildPhase;
			buildActionMask = 2147483647;
			files = (
				F948751D1D7791B800C0716B /* GameScene.swift in Sources */,
				F948751B1D7791B800C0716B /* AppDelegate.swift in Sources */,
			);
			runOnlyForDeploymentPostprocessing = 0;
		};
/* End PBXSourcesBuildPhase section */

/* Begin PBXVariantGroup section */
		F94875221D7791B800C0716B /* MainMenu.xib */ = {
			isa = PBXVariantGroup;
			children = (
				F94875231D7791B800C0716B /* Base */,
			);
			name = MainMenu.xib;
			sourceTree = "<group>";
		};
/* End PBXVariantGroup section */

/* Begin XCBuildConfiguration section */
		F94875261D7791B800C0716B /* Debug */ = {
			isa = XCBuildConfiguration;
			buildSettings = {
				ALWAYS_SEARCH_USER_PATHS = NO;
				CLANG_ANALYZER_NONNULL = YES;
				CLANG_CXX_LANGUAGE_STANDARD = "gnu++0x";
				CLANG_CXX_LIBRARY = "libc++";
				CLANG_ENABLE_MODULES = YES;
				CLANG_ENABLE_OBJC_ARC = YES;
				CLANG_WARN_BOOL_CONVERSION = YES;
				CLANG_WARN_CONSTANT_CONVERSION = YES;
				CLANG_WARN_DIRECT_OBJC_ISA_USAGE = YES_ERROR;
				CLANG_WARN_EMPTY_BODY = YES;
				CLANG_WARN_ENUM_CONVERSION = YES;
				CLANG_WARN_INT_CONVERSION = YES;
				CLANG_WARN_OBJC_ROOT_CLASS = YES_ERROR;
				CLANG_WARN_UNREACHABLE_CODE = YES;
				CLANG_WARN__DUPLICATE_METHOD_MATCH = YES;
				CODE_SIGN_IDENTITY = "-";
				COPY_PHASE_STRIP = NO;
				DEBUG_INFORMATION_FORMAT = "dwarf-with-dsym";
				ENABLE_STRICT_OBJC_MSGSEND = YES;
				ENABLE_TESTABILITY = YES;
				GCC_C_LANGUAGE_STANDARD = gnu99;
				GCC_DYNAMIC_NO_PIC = NO;
				GCC_NO_COMMON_BLOCKS = YES;
				GCC_OPTIMIZATION_LEVEL = 0;
				GCC_PREPROCESSOR_DEFINITIONS = (
					"DEBUG=1",
					"$(inherited)",
				);
				GCC_WARN_64_TO_32_BIT_CONVERSION = YES;
				GCC_WARN_ABOUT_RETURN_TYPE = YES_ERROR;
				GCC_WARN_UNDECLARED_SELECTOR = YES;
				GCC_WARN_UNINITIALIZED_AUTOS = YES_AGGRESSIVE;
				GCC_WARN_UNUSED_FUNCTION = YES;
				GCC_WARN_UNUSED_VARIABLE = YES;
				MACOSX_DEPLOYMENT_TARGET = 10.11;
				MTL_ENABLE_DEBUG_INFO = YES;
				ONLY_ACTIVE_ARCH = YES;
				SDKROOT = macosx;
				SWIFT_OPTIMIZATION_LEVEL = "-Onone";
			};
			name = Debug;
		};
		F94875271D7791B800C0716B /* Release */ = {
			isa = XCBuildConfiguration;
			buildSettings = {
				ALWAYS_SEARCH_USER_PATHS = NO;
				CLANG_ANALYZER_NONNULL = YES;
				CLANG_CXX_LANGUAGE_STANDARD = "gnu++0x";
				CLANG_CXX_LIBRARY = "libc++";
				CLANG_ENABLE_MODULES = YES;
				CLANG_ENABLE_OBJC_ARC = YES;
				CLANG_WARN_BOOL_CONVERSION = YES;
				CLANG_WARN_CONSTANT_CONVERSION = YES;
				CLANG_WARN_DIRECT_OBJC_ISA_USAGE = YES_ERROR;
				CLANG_WARN_EMPTY_BODY = YES;
				CLANG_WARN_ENUM_CONVERSION = YES;
				CLANG_WARN_INT_CONVERSION = YES;
				CLANG_WARN_OBJC_ROOT_CLASS = YES_ERROR;
				CLANG_WARN_UNREACHABLE_CODE = YES;
				CLANG_WARN__DUPLICATE_METHOD_MATCH = YES;
				CODE_SIGN_IDENTITY = "-";
				COPY_PHASE_STRIP = NO;
				DEBUG_INFORMATION_FORMAT = "dwarf-with-dsym";
				ENABLE_NS_ASSERTIONS = NO;
				ENABLE_STRICT_OBJC_MSGSEND = YES;
				GCC_C_LANGUAGE_STANDARD = gnu99;
				GCC_NO_COMMON_BLOCKS = YES;
				GCC_WARN_64_TO_32_BIT_CONVERSION = YES;
				GCC_WARN_ABOUT_RETURN_TYPE = YES_ERROR;
				GCC_WARN_UNDECLARED_SELECTOR = YES;
				GCC_WARN_UNINITIALIZED_AUTOS = YES_AGGRESSIVE;
				GCC_WARN_UNUSED_FUNCTION = YES;
				GCC_WARN_UNUSED_VARIABLE = YES;
				MACOSX_DEPLOYMENT_TARGET = 10.11;
				MTL_ENABLE_DEBUG_INFO = NO;
				SDKROOT = macosx;
			};
			name = Release;
		};
		F94875291D7791B800C0716B /* Debug */ = {
			isa = XCBuildConfiguration;
			buildSettings = {
				ASSETCATALOG_COMPILER_APPICON_NAME = AppIcon;
				CODE_SIGN_ENTITLEMENTS = screenShooter/screenShooter.entitlements;
				CODE_SIGN_IDENTITY = "3rd Party Mac Developer Application";
				"CODE_SIGN_IDENTITY[sdk=macosx*]" = "Mac Developer";
				COMBINE_HIDPI_IMAGES = YES;
				INFOPLIST_FILE = screenShooter/InscreenShootero.plist;
				LD_RUNPATH_SEARCH_PATHS = "$(inherited) @executable_path/../Frameworks";
				PRODUCT_BUNDLE_IDENTIFIER = com.Kalkat.screenShooter;
				PRODUCT_NAME = "$(TARGET_NAME)";
				PROVISIONING_PROFILE = "";
			};
			name = Debug;
		};
		F948752A1D7791B800C0716B /* Release */ = {
			isa = XCBuildConfiguration;
			buildSettings = {
				ASSETCATALOG_COMPILER_APPICON_NAME = AppIcon;
				CODE_SIGN_ENTITLEMENTS = screenShooter/screenShooter.entitlements;
				CODE_SIGN_IDENTITY = "3rd Party Mac Developer Application";
				"CODE_SIGN_IDENTITY[sdk=macosx*]" = "Mac Developer";
				COMBINE_HIDPI_IMAGES = YES;
				INFOPLIST_FILE = screenShooter/InscreenShootero.plist;
				LD_RUNPATH_SEARCH_PATHS = "$(inherited) @executable_path/../Frameworks";
				PRODUCT_BUNDLE_IDENTIFIER = com.Kalkat.screenShooter;
				PRODUCT_NAME = "$(TARGET_NAME)";
				PROVISIONING_PROFILE = "";
			};
			name = Release;
		};
/* End XCBuildConfiguration section */

/* Begin XCConfigurationList section */
		F94875121D7791B700C0716B /* Build configuration list for PBXProject "screenShooter" */ = {
			isa = XCConfigurationList;
			buildConfigurations = (
				F94875261D7791B800C0716B /* Debug */,
				F94875271D7791B800C0716B /* Release */,
			);
			defaultConfigurationIsVisible = 0;
			defaultConfigurationName = Release;
		};
		F94875281D7791B800C0716B /* Build configuration list for PBXNativeTarget "screenShooter" */ = {
			isa = XCConfigurationList;
			buildConfigurations = (
				F94875291D7791B800C0716B /* Debug */,
				F948752A1D7791B800C0716B /* Release */,
			);
			defaultConfigurationIsVisible = 0;
			defaultConfigurationName = Release;
		};
/* End XCConfigurationList section */
	};
	rootObject = F948750F1D7791B700C0716B /* Project object */;
}
